
Microsoft Visual Studio Solution File, Format Version 12.00
# Visual Studio Version 17
VisualStudioVersion = 17.11.35005.142
MinimumVisualStudioVersion = 10.0.40219.1
Project("{9A19103F-16F7-4668-BE54-9A1E7A4F7556}") = "MSBuildWasm", "src\MSBuildWasm.csproj", "{135746F6-7E60-487A-AA7A-88EFF5A96802}"
EndProject
Project("{9A19103F-16F7-4668-BE54-9A1E7A4F7556}") = "ExampleProject", "examples\ExampleProject\ExampleProject.csproj", "{B72FEC86-8BB7-49A4-B0D8-52D77EA31B0B}"
EndProject
Project("{9A19103F-16F7-4668-BE54-9A1E7A4F7556}") = "WasmTasksTests", "test\WasmTasksTests\WasmTasksTests.csproj", "{94FE5153-34D6-4F93-9792-7408AD89945D}"
EndProject
Project("{9A19103F-16F7-4668-BE54-9A1E7A4F7556}") = "RustWasmTaskTemplate", "templates\RustWasmTask\RustWasmTaskTemplate.csproj", "{68ECCF1E-A1B7-44AE-9B61-D12399B1F739}"
EndProject
Global
	GlobalSection(SolutionConfigurationPlatforms) = preSolution
		Debug|Any CPU = Debug|Any CPU
		Release|Any CPU = Release|Any CPU
	EndGlobalSection
	GlobalSection(ProjectConfigurationPlatforms) = postSolution
		{135746F6-7E60-487A-AA7A-88EFF5A96802}.Debug|Any CPU.ActiveCfg = Debug|Any CPU
		{135746F6-7E60-487A-AA7A-88EFF5A96802}.Debug|Any CPU.Build.0 = Debug|Any CPU
		{135746F6-7E60-487A-AA7A-88EFF5A96802}.Release|Any CPU.ActiveCfg = Release|Any CPU
		{135746F6-7E60-487A-AA7A-88EFF5A96802}.Release|Any CPU.Build.0 = Release|Any CPU
		{B72FEC86-8BB7-49A4-B0D8-52D77EA31B0B}.Debug|Any CPU.ActiveCfg = Debug|Any CPU
		{B72FEC86-8BB7-49A4-B0D8-52D77EA31B0B}.Debug|Any CPU.Build.0 = Debug|Any CPU
		{B72FEC86-8BB7-49A4-B0D8-52D77EA31B0B}.Release|Any CPU.ActiveCfg = Release|Any CPU
		{B72FEC86-8BB7-49A4-B0D8-52D77EA31B0B}.Release|Any CPU.Build.0 = Release|Any CPU
		{94FE5153-34D6-4F93-9792-7408AD89945D}.Debug|Any CPU.ActiveCfg = Debug|Any CPU
		{94FE5153-34D6-4F93-9792-7408AD89945D}.Debug|Any CPU.Build.0 = Debug|Any CPU
		{94FE5153-34D6-4F93-9792-7408AD89945D}.Release|Any CPU.ActiveCfg = Release|Any CPU
		{94FE5153-34D6-4F93-9792-7408AD89945D}.Release|Any CPU.Build.0 = Release|Any CPU
		{68ECCF1E-A1B7-44AE-9B61-D12399B1F739}.Debug|Any CPU.ActiveCfg = Debug|Any CPU
		{68ECCF1E-A1B7-44AE-9B61-D12399B1F739}.Debug|Any CPU.Build.0 = Debug|Any CPU
		{68ECCF1E-A1B7-44AE-9B61-D12399B1F739}.Release|Any CPU.ActiveCfg = Release|Any CPU
		{68ECCF1E-A1B7-44AE-9B61-D12399B1F739}.Release|Any CPU.Build.0 = Release|Any CPU
	EndGlobalSection
	GlobalSection(SolutionProperties) = preSolution
		HideSolutionNode = FALSE
	EndGlobalSection
	GlobalSection(ExtensibilityGlobals) = postSolution
		SolutionGuid = {0FAD881C-3C74-4831-8B24-CA9499BF858D}
	EndGlobalSection
EndGlobal
